# This file was autogenerated by Stack.
# You should not edit this file by hand.
# For more information, please see the documentation at:
#   https://docs.haskellstack.org/en/stable/lock_files

packages:
- completed:
    hackage: endo-0.3.0.1@sha256:7299a456be44c72431f9193f56bb9fb21e3f76746bd7affa433f2f0bede89eb7,5289
    pantry-tree:
      size: 1344
      sha256: bb5caf99cf9887b9a9aeb8ebb13e11254f2d32025e1e6d5260a74037a56b514e
  original:
    hackage: endo-0.3.0.1@sha256:7299a456be44c72431f9193f56bb9fb21e3f76746bd7affa433f2f0bede89eb7,5289
- completed:
    hackage: numhask-prelude-0.3.3@sha256:3046b6940da79846166e89ed2ffdb6acf37c6d318ee2f2953ebc24a066f599ab,1349
    pantry-tree:
      size: 398
      sha256: 61cf28fcfeca6216e71872915dcf14530d23f3c344c4f49ccf3367f54e3cd5aa
  original:
    hackage: numhask-prelude-0.3.3@sha256:3046b6940da79846166e89ed2ffdb6acf37c6d318ee2f2953ebc24a066f599ab,1349
snapshots:
- completed:
    size: 524996
    url: https://raw.githubusercontent.com/commercialhaskell/stackage-snapshots/master/lts/14/27.yaml
    sha256: 7ea31a280c56bf36ff591a7397cc384d0dff622e7f9e4225b47d8980f019a0f0
  original: lts-14.27
